
Microsoft Visual Studio Solution File, Format Version 12.00
# Visual Studio Version 17
VisualStudioVersion = 17.7.34031.279
MinimumVisualStudioVersion = 10.0.40219.1
Project("{8BC9CEB8-8B4A-11D0-8D11-00A0C91BC942}") = "heard", "heard\heard.vcxproj", "{EB7741CB-9A65-4B7C-B398-A0643116BE1A}"
EndProject
Global
	GlobalSection(SolutionConfigurationPlatforms) = preSolution
		Debug|x64 = Debug|x64
		Debug|x86 = Debug|x86
		Release|x64 = Release|x64
		Release|x86 = Release|x86
	EndGlobalSection
	GlobalSection(ProjectConfigurationPlatforms) = postSolution
		{EB7741CB-9A65-4B7C-B398-A0643116BE1A}.Debug|x64.ActiveCfg = Debug|x64
		{EB7741CB-9A65-4B7C-B398-A0643116BE1A}.Debug|x64.Build.0 = Debug|x64
		{EB7741CB-9A65-4B7C-B398-A0643116BE1A}.Debug|x86.ActiveCfg = Debug|Win32
		{EB7741CB-9A65-4B7C-B398-A0643116BE1A}.Debug|x86.Build.0 = Debug|Win32
		{EB7741CB-9A65-4B7C-B398-A0643116BE1A}.Release|x64.ActiveCfg = Release|x64
		{EB7741CB-9A65-4B7C-B398-A0643116BE1A}.Release|x64.Build.0 = Release|x64
		{EB7741CB-9A65-4B7C-B398-A0643116BE1A}.Release|x86.ActiveCfg = Release|Win32
		{EB7741CB-9A65-4B7C-B398-A0643116BE1A}.Release|x86.Build.0 = Release|Win32
	EndGlobalSection
	GlobalSection(SolutionProperties) = preSolution
		HideSolutionNode = FALSE
	EndGlobalSection
	GlobalSection(ExtensibilityGlobals) = postSolution
		SolutionGuid = {17070A0B-64C6-4F52-982C-9B2EAB6D0BFC}
	EndGlobalSection
EndGlobal
